
Microsoft Visual Studio Solution File, Format Version 12.00
# Visual Studio Version 17
VisualStudioVersion = 17.13.35919.96
MinimumVisualStudioVersion = 10.0.40219.1
Project("{FAE04EC0-301F-11D3-BF4B-00C04F79EFBC}") = "PrintHelloName", "PrintHelloName\PrintHelloName.csproj", "{3D2BA6B8-FE67-4E44-8894-96BC2AF6EA69}"
EndProject
Project("{FAE04EC0-301F-11D3-BF4B-00C04F79EFBC}") = "SumOfTwoNumbers", "SumOfTwoNumbers\SumOfTwoNumbers.csproj", "{BBEF1001-3E61-4ACD-A872-D4319D2B375E}"
EndProject
Project("{FAE04EC0-301F-11D3-BF4B-00C04F79EFBC}") = "DivideTwoNumbers", "DivideTwoNumbers\DivideTwoNumbers.csproj", "{9E3909A3-5C98-44CA-B057-0025CB51AE82}"
EndProject
Project("{FAE04EC0-301F-11D3-BF4B-00C04F79EFBC}") = "SpecifiedOperationsResults", "SpecifiedOperationsResults\SpecifiedOperationsResults.csproj", "{D0234522-A479-47BA-856D-7D1B58586EE3}"
EndProject
Project("{FAE04EC0-301F-11D3-BF4B-00C04F79EFBC}") = "SwapTwoNumbers", "SwapTwoNumbers\SwapTwoNumbers.csproj", "{63750D25-1D5A-432E-806B-1006EA631830}"
EndProject
Project("{FAE04EC0-301F-11D3-BF4B-00C04F79EFBC}") = "MultiplyThreeNumbers", "MultiplyThreeNumbers\MultiplyThreeNumbers.csproj", "{06EECCA9-7484-4D7C-86D7-A42409631A58}"
EndProject
Project("{FAE04EC0-301F-11D3-BF4B-00C04F79EFBC}") = "ArithmeticOperations", "ArithmeticOperations\ArithmeticOperations.csproj", "{436352B2-3FF1-482F-B04C-4CD5FF7095F7}"
EndProject
Project("{FAE04EC0-301F-11D3-BF4B-00C04F79EFBC}") = "MultiplicationTable", "MultiplicationTable\MultiplicationTable.csproj", "{952B2DCF-F281-4886-A05C-7BEFD55B45D6}"
EndProject
Project("{FAE04EC0-301F-11D3-BF4B-00C04F79EFBC}") = "AverageFourNumbers", "AverageFourNumbers\AverageFourNumbers.csproj", "{191EC39C-2737-4B74-AAED-0CC381A7D14F}"
EndProject
Project("{FAE04EC0-301F-11D3-BF4B-00C04F79EFBC}") = "SpecifiedFormulWithThreeNumbers", "SpecifiedFormulWithThreeNumbers\SpecifiedFormulWithThreeNumbers.csproj", "{28252E31-521A-4AC0-9145-704FC91BD745}"
EndProject
Project("{FAE04EC0-301F-11D3-BF4B-00C04F79EFBC}") = "PrintAgeMessage", "PrintAgeMessage\PrintAgeMessage.csproj", "{660B99B1-1E65-40F9-AA82-070074A1F624}"
EndProject
Project("{FAE04EC0-301F-11D3-BF4B-00C04F79EFBC}") = "RepeatNumberInRows", "RepeatNumberInRows\RepeatNumberInRows.csproj", "{ADC8EC15-1CC3-4213-AC1B-1B4BCF4A5FEC}"
EndProject
Project("{FAE04EC0-301F-11D3-BF4B-00C04F79EFBC}") = "RectanglePatternWithNumber", "RectanglePatternWithNumber\RectanglePatternWithNumber.csproj", "{259B90F7-8CEF-48ED-8D72-DB27E9CFF202}"
EndProject
Project("{FAE04EC0-301F-11D3-BF4B-00C04F79EFBC}") = "CelsiusToKelvinAndFahrenheit", "CelsiusToKelvinAndFahrenheit\CelsiusToKelvinAndFahrenheit.csproj", "{22D12632-CCF9-428A-AD33-0A2D5C94AE12}"
EndProject
Project("{FAE04EC0-301F-11D3-BF4B-00C04F79EFBC}") = "RemoveCharacterByIndex", "RemoveCharacterByIndex\RemoveCharacterByIndex.csproj", "{5957CF78-05C8-4500-AF8F-B5461B30B6BF}"
EndProject
Project("{FAE04EC0-301F-11D3-BF4B-00C04F79EFBC}") = "SwapFirstAndLastCharacters", "SwapFirstAndLastCharacters\SwapFirstAndLastCharacters.csproj", "{4D55C2E5-186C-4D09-8E86-7E94FCE162D3}"
EndProject
Project("{FAE04EC0-301F-11D3-BF4B-00C04F79EFBC}") = "AddFirstCharacterToFrontAndBack", "AddFirstCharacterToFrontAndBack\AddFirstCharacterToFrontAndBack.csproj", "{654BEBA7-E787-43FC-9BFA-B4981C6A0D95}"
EndProject
Project("{FAE04EC0-301F-11D3-BF4B-00C04F79EFBC}") = "CheckPositiveAndNegativePair", "CheckPositiveAndNegativePair\CheckPositiveAndNegativePair.csproj", "{2AA79A53-A99D-408B-8E3A-4536BA3A2665}"
EndProject
Project("{FAE04EC0-301F-11D3-BF4B-00C04F79EFBC}") = "SumOrTripleSumOfIntegers", "SumOrTripleSumOfIntegers\SumOrTripleSumOfIntegers.csproj", "{C4E7BD5E-3A3D-4649-B0EE-6AB133CE6829}"
EndProject
Project("{FAE04EC0-301F-11D3-BF4B-00C04F79EFBC}") = "AbsoluteDifferenceOrDoubleIt", "AbsoluteDifferenceOrDoubleIt\AbsoluteDifferenceOrDoubleIt.csproj", "{2701E50E-E5FC-48F8-97A0-26B3C5986384}"
EndProject
Project("{FAE04EC0-301F-11D3-BF4B-00C04F79EFBC}") = "Check20orSumEquals20", "Check20orSumEquals20\Check20orSumEquals20.csproj", "{C07C04AE-A34E-4871-8A9D-FD2B26E46A19}"
EndProject
Project("{FAE04EC0-301F-11D3-BF4B-00C04F79EFBC}") = "CheckWithin20of100or200", "CheckWithin20of100or200\CheckWithin20of100or200.csproj", "{5FAD2F5A-198E-43EC-8576-FDDCBE7DB588}"
EndProject
Project("{FAE04EC0-301F-11D3-BF4B-00C04F79EFBC}") = "ConvertStringToLowercase", "ConvertStringToLowercase\ConvertStringToLowercase.csproj", "{9D29CCDE-24D8-4259-9FB9-7DD9A5C4F297}"
EndProject
Project("{FAE04EC0-301F-11D3-BF4B-00C04F79EFBC}") = "FindLongestWordInString", "FindLongestWordInString\FindLongestWordInString.csproj", "{94539E4F-2611-4B40-BE9B-D91BF6A2062A}"
EndProject
Project("{FAE04EC0-301F-11D3-BF4B-00C04F79EFBC}") = "PrintOddNumbersOneToNinetyNine", "PrintOddNumbersOneToNinetyNine\PrintOddNumbersOneToNinetyNine.csproj", "{EBE79CE9-CB78-4973-B3CA-95CB21A80AD2}"
EndProject
Project("{FAE04EC0-301F-11D3-BF4B-00C04F79EFBC}") = "SumOfFirst500Primes", "SumOfFirst500Primes\SumOfFirst500Primes.csproj", "{FA254707-E5B7-4B1E-AA05-1C0D37D3EF26}"
EndProject
Project("{FAE04EC0-301F-11D3-BF4B-00C04F79EFBC}") = "SumOfDigitsInInteger", "SumOfDigitsInInteger\SumOfDigitsInInteger.csproj", "{EA56ED58-9CC5-4FDD-8A48-15F28419FB76}"
EndProject
Project("{FAE04EC0-301F-11D3-BF4B-00C04F79EFBC}") = "ReverseWordsInSentence", "ReverseWordsInSentence\ReverseWordsInSentence.csproj", "{D6CEB5EA-512D-4963-AC61-7F43527623D4}"
EndProject
Project("{FAE04EC0-301F-11D3-BF4B-00C04F79EFBC}") = "FileSizeInBytes", "FileSizeInBytes\FileSizeInBytes.csproj", "{79E5890A-CF3D-4917-B7BC-725D0FAF9E1C}"
EndProject
Project("{FAE04EC0-301F-11D3-BF4B-00C04F79EFBC}") = "HexToDec", "HexToDec\HexToDec.csproj", "{A7A2C423-DC0A-4245-B0C1-77301E56FBD0}"
EndProject
Project("{FAE04EC0-301F-11D3-BF4B-00C04F79EFBC}") = "MultiplyTwoArrays", "MultiplyTwoArrays\MultiplyTwoArrays.csproj", "{15D57AD6-013A-464C-9DEC-662577D00CB4}"
EndProject
Project("{FAE04EC0-301F-11D3-BF4B-00C04F79EFBC}") = "FourCopiesOfLastFourCharacters", "FourCopiesOfLastFourCharacters\FourCopiesOfLastFourCharacters.csproj", "{CCEB644D-819B-4B90-B1DB-D7B191D5663A}"
EndProject
Project("{FAE04EC0-301F-11D3-BF4B-00C04F79EFBC}") = "CheckMultipleOf3Or7", "CheckMultipleOf3Or7\CheckMultipleOf3Or7.csproj", "{BF16A38E-2CFC-4DF4-B9DF-8605FDBA8649}"
EndProject
Project("{FAE04EC0-301F-11D3-BF4B-00C04F79EFBC}") = "CheckStringsStartsWithWord", "CheckStringsStartsWithWord\CheckStringsStartsWithWord.csproj", "{689DC41E-1CA4-44A1-8615-93CD0E6D969D}"
EndProject
Project("{FAE04EC0-301F-11D3-BF4B-00C04F79EFBC}") = "CheckNumbersLessThan100AndGreaterThan200", "CheckNumbersLessThan100AndGreaterThan200\CheckNumbersLessThan100AndGreaterThan200.csproj", "{3BF7AF07-C1FE-42EC-BDC2-A18C43750969}"
EndProject
Project("{FAE04EC0-301F-11D3-BF4B-00C04F79EFBC}") = "CheckIntegerInRangeMinus10to10", "CheckIntegerInRangeMinus10to10\CheckIntegerInRangeMinus10to10.csproj", "{326E494F-B99A-4EA4-BB92-C2D70532C627}"
EndProject
Project("{FAE04EC0-301F-11D3-BF4B-00C04F79EFBC}") = "RemoveHPFromString", "RemoveHPFromString\RemoveHPFromString.csproj", "{2B027D02-A6DE-4BBD-8C58-D80F41A87DE8}"
EndProject
Project("{FAE04EC0-301F-11D3-BF4B-00C04F79EFBC}") = "ExtractPHFromString", "ExtractPHFromString\ExtractPHFromString.csproj", "{2623454F-09A2-44CF-9C4B-8E581B003F7E}"
EndProject
Project("{FAE04EC0-301F-11D3-BF4B-00C04F79EFBC}") = "LargestAndLowestOfThreeInts", "LargestAndLowestOfThreeInts\LargestAndLowestOfThreeInts.csproj", "{091A7D41-E719-429E-8A8D-0D0AC2F82ADD}"
EndProject
Project("{FAE04EC0-301F-11D3-BF4B-00C04F79EFBC}") = "NearestTo20orReturn0", "NearestTo20orReturn0\NearestTo20orReturn0.csproj", "{8CCF5678-A514-4A22-9780-6F0D485DE9B3}"
EndProject
Project("{FAE04EC0-301F-11D3-BF4B-00C04F79EFBC}") = "CheckWAppearsOnetoThreeTimes", "CheckWAppearsOnetoThreeTimes\CheckWAppearsOnetoThreeTimes.csproj", "{4803818B-8755-4A65-A996-86A0BF0A02E6}"
EndProject
Project("{FAE04EC0-301F-11D3-BF4B-00C04F79EFBC}") = "First4CharsLowerCaseRestUppercase", "First4CharsLowerCaseRestUppercase\First4CharsLowerCaseRestUppercase.csproj", "{000C1686-71D7-4139-9C79-6A441FC2D798}"
EndProject
Project("{FAE04EC0-301F-11D3-BF4B-00C04F79EFBC}") = "CheckStringsStartsWithwww", "CheckStringsStartsWithwww\CheckStringsStartsWithwww.csproj", "{BCB6A07D-172A-4250-9ED6-6A1C371D0D0D}"
EndProject
Project("{FAE04EC0-301F-11D3-BF4B-00C04F79EFBC}") = "EveryOtherCharacterinString", "EveryOtherCharacterinString\EveryOtherCharacterinString.csproj", "{58BA78A5-C5CE-4503-91A0-22B5C0975F7B}"
EndProject
Project("{FAE04EC0-301F-11D3-BF4B-00C04F79EFBC}") = "CountSpecificNumberInArray", "CountSpecificNumberInArray\CountSpecificNumberInArray.csproj", "{D3CA5050-1178-419C-BB60-34AD626AF576}"
EndProject
Project("{FAE04EC0-301F-11D3-BF4B-00C04F79EFBC}") = "CheckNumberFirstorLastInArray", "CheckNumberFirstorLastInArray\CheckNumberFirstorLastInArray.csproj", "{072005EF-E42F-48B1-A232-4B90FC4B8669}"
EndProject
Project("{FAE04EC0-301F-11D3-BF4B-00C04F79EFBC}") = "SumOfArrayElements", "SumOfArrayElements\SumOfArrayElements.csproj", "{343D3700-513D-4637-9A06-4290E7C2ED21}"
EndProject
Project("{FAE04EC0-301F-11D3-BF4B-00C04F79EFBC}") = "FirstorLastElementEqualinArrays", "FirstorLastElementEqualinTwoArrays\FirstorLastElementEqualinArrays.csproj", "{BC6169A9-3BAF-4FFE-A115-3B8B68F1BCB8}"
EndProject
Project("{FAE04EC0-301F-11D3-BF4B-00C04F79EFBC}") = "FirstOrLastElementEqualinTwoArray", "FirstOrLastElementEqualinTwoArray\FirstOrLastElementEqualinTwoArray.csproj", "{A4453FE8-844E-4093-A067-D57254FCAE39}"
EndProject
Project("{FAE04EC0-301F-11D3-BF4B-00C04F79EFBC}") = "RotateArrayLeft", "RotateArrayLeft\RotateArrayLeft.csproj", "{B7DA5B4B-1507-4B0F-A823-825649BC2791}"
EndProject
Project("{FAE04EC0-301F-11D3-BF4B-00C04F79EFBC}") = "MaxOfFirstAndLastArray", "MaxOfFirstAndLastArray\MaxOfFirstAndLastArray.csproj", "{DD89E47A-A5A4-4C86-8055-F3A10A9DE4CA}"
EndProject
Project("{FAE04EC0-301F-11D3-BF4B-00C04F79EFBC}") = "MiddleElementsofThreeArrays", "MiddleElementsofThreeArrays\MiddleElementsofThreeArrays.csproj", "{BF1610E5-C7D7-4B9D-8109-CB7F1CEDA50E}"
EndProject
Project("{FAE04EC0-301F-11D3-BF4B-00C04F79EFBC}") = "CheckOddNumberInArray", "CheckOddNumberInArray\CheckOddNumberInArray.csproj", "{4B4AEBE5-271C-4B70-8CF7-4CEA20846E5E}"
EndProject
Project("{FAE04EC0-301F-11D3-BF4B-00C04F79EFBC}") = "FindCenturyOfYear", "FindCenturyOfYear\FindCenturyOfYear.csproj", "{93812A78-CA40-4D97-8962-6DAF3CDA09D0}"
EndProject
Project("{FAE04EC0-301F-11D3-BF4B-00C04F79EFBC}") = "MaxProductofAdjacentElements", "MaxProductofAdjacentElements\MaxProductofAdjacentElements.csproj", "{2A948B84-1FD6-43A4-950E-78BF8C9A9D4D}"
EndProject
Project("{FAE04EC0-301F-11D3-BF4B-00C04F79EFBC}") = "GetFileNameFromPath", "GetFileNameFromPath\GetFileNameFromPath.csproj", "{2C9510E9-8884-467C-A5FE-0B102A585435}"
EndProject
Project("{FAE04EC0-301F-11D3-BF4B-00C04F79EFBC}") = "MinValueFromTwoStringNumbers", "MinValueFromTwoStringNumbers\MinValueFromTwoStringNumbers.csproj", "{E97E8168-E0D0-4B06-AF1E-DBAA69D21FD6}"
EndProject
Project("{FAE04EC0-301F-11D3-BF4B-00C04F79EFBC}") = "CodedStringConversion", "CodedStringConversion\CodedStringConversion.csproj", "{56FB7094-BA67-4757-AB93-289855B2C984}"
EndProject
Project("{FAE04EC0-301F-11D3-BF4B-00C04F79EFBC}") = "CountSpecificCharInString", "CountSpecificCharInString\CountSpecificCharInString.csproj", "{4823A53E-81C4-4410-BA3E-1257818C83CA}"
EndProject
Project("{FAE04EC0-301F-11D3-BF4B-00C04F79EFBC}") = "CheckAllUpperOrLowerCases", "CheckAllUpperOrLowerCases\CheckAllUpperOrLowerCases.csproj", "{5CCC1C6D-F4EB-498E-8E1C-A82FBC65046C}"
EndProject
Project("{FAE04EC0-301F-11D3-BF4B-00C04F79EFBC}") = "RemoveFirstAndLastCharacter", "RemoveFirstAndLastCharacter\RemoveFirstAndLastCharacter.csproj", "{0B2564CA-1157-4F6B-8D2A-A1DBFABF33AF}"
EndProject
Project("{FAE04EC0-301F-11D3-BF4B-00C04F79EFBC}") = "CheckConsecutiveSimilarLetters", "CheckConsecutiveSimilarLetters\CheckConsecutiveSimilarLetters.csproj", "{577B9A3F-D36E-45D6-8EEC-57AA009D21CA}"
EndProject
Project("{FAE04EC0-301F-11D3-BF4B-00C04F79EFBC}") = "CheckArrayAverageWholeNumber", "CheckArrayAverageWholeNumber\CheckArrayAverageWholeNumber.csproj", "{099FDD68-E72A-490C-AABB-22720D0D9A58}"
EndProject
Project("{FAE04EC0-301F-11D3-BF4B-00C04F79EFBC}") = "AlphabeticalOrderStringLetters", "AlphabeticalOrderStringLetters\AlphabeticalOrderStringLetters.csproj", "{B337E2C8-CAA9-49C6-AE2F-A827A256E170}"
EndProject
Project("{FAE04EC0-301F-11D3-BF4B-00C04F79EFBC}") = "OddEvenLengthString", "OddEvenLengthString\OddEvenLengthString.csproj", "{CFB7F90A-4F51-482F-BEA1-B7267EC99458}"
EndProject
Project("{FAE04EC0-301F-11D3-BF4B-00C04F79EFBC}") = "GetASCIIValueOfCharacter", "GetASCIIValueOfCharacter\GetASCIIValueOfCharacter.csproj", "{D1935E66-70B8-4FC0-A466-2EE7087F4931}"
EndProject
Project("{FAE04EC0-301F-11D3-BF4B-00C04F79EFBC}") = "CheckWordPlural", "CheckWordPlural\CheckWordPlural.csproj", "{A88B5ADD-FF2C-4080-8610-447C16E07431}"
EndProject
Project("{FAE04EC0-301F-11D3-BF4B-00C04F79EFBC}") = "SumOfSquaresInArray", "SumOfSquaresInArray\SumOfSquaresInArray.csproj", "{56BB04D2-0852-4F75-A718-396C9860C8DC}"
EndProject
Global
	GlobalSection(SolutionConfigurationPlatforms) = preSolution
		Debug|Any CPU = Debug|Any CPU
		Release|Any CPU = Release|Any CPU
	EndGlobalSection
	GlobalSection(ProjectConfigurationPlatforms) = postSolution
		{3D2BA6B8-FE67-4E44-8894-96BC2AF6EA69}.Debug|Any CPU.ActiveCfg = Debug|Any CPU
		{3D2BA6B8-FE67-4E44-8894-96BC2AF6EA69}.Debug|Any CPU.Build.0 = Debug|Any CPU
		{3D2BA6B8-FE67-4E44-8894-96BC2AF6EA69}.Release|Any CPU.ActiveCfg = Release|Any CPU
		{3D2BA6B8-FE67-4E44-8894-96BC2AF6EA69}.Release|Any CPU.Build.0 = Release|Any CPU
		{BBEF1001-3E61-4ACD-A872-D4319D2B375E}.Debug|Any CPU.ActiveCfg = Debug|Any CPU
		{BBEF1001-3E61-4ACD-A872-D4319D2B375E}.Debug|Any CPU.Build.0 = Debug|Any CPU
		{BBEF1001-3E61-4ACD-A872-D4319D2B375E}.Release|Any CPU.ActiveCfg = Release|Any CPU
		{BBEF1001-3E61-4ACD-A872-D4319D2B375E}.Release|Any CPU.Build.0 = Release|Any CPU
		{9E3909A3-5C98-44CA-B057-0025CB51AE82}.Debug|Any CPU.ActiveCfg = Debug|Any CPU
		{9E3909A3-5C98-44CA-B057-0025CB51AE82}.Debug|Any CPU.Build.0 = Debug|Any CPU
		{9E3909A3-5C98-44CA-B057-0025CB51AE82}.Release|Any CPU.ActiveCfg = Release|Any CPU
		{9E3909A3-5C98-44CA-B057-0025CB51AE82}.Release|Any CPU.Build.0 = Release|Any CPU
		{D0234522-A479-47BA-856D-7D1B58586EE3}.Debug|Any CPU.ActiveCfg = Debug|Any CPU
		{D0234522-A479-47BA-856D-7D1B58586EE3}.Debug|Any CPU.Build.0 = Debug|Any CPU
		{D0234522-A479-47BA-856D-7D1B58586EE3}.Release|Any CPU.ActiveCfg = Release|Any CPU
		{D0234522-A479-47BA-856D-7D1B58586EE3}.Release|Any CPU.Build.0 = Release|Any CPU
		{63750D25-1D5A-432E-806B-1006EA631830}.Debug|Any CPU.ActiveCfg = Debug|Any CPU
		{63750D25-1D5A-432E-806B-1006EA631830}.Debug|Any CPU.Build.0 = Debug|Any CPU
		{63750D25-1D5A-432E-806B-1006EA631830}.Release|Any CPU.ActiveCfg = Release|Any CPU
		{63750D25-1D5A-432E-806B-1006EA631830}.Release|Any CPU.Build.0 = Release|Any CPU
		{06EECCA9-7484-4D7C-86D7-A42409631A58}.Debug|Any CPU.ActiveCfg = Debug|Any CPU
		{06EECCA9-7484-4D7C-86D7-A42409631A58}.Debug|Any CPU.Build.0 = Debug|Any CPU
		{06EECCA9-7484-4D7C-86D7-A42409631A58}.Release|Any CPU.ActiveCfg = Release|Any CPU
		{06EECCA9-7484-4D7C-86D7-A42409631A58}.Release|Any CPU.Build.0 = Release|Any CPU
		{436352B2-3FF1-482F-B04C-4CD5FF7095F7}.Debug|Any CPU.ActiveCfg = Debug|Any CPU
		{436352B2-3FF1-482F-B04C-4CD5FF7095F7}.Debug|Any CPU.Build.0 = Debug|Any CPU
		{436352B2-3FF1-482F-B04C-4CD5FF7095F7}.Release|Any CPU.ActiveCfg = Release|Any CPU
		{436352B2-3FF1-482F-B04C-4CD5FF7095F7}.Release|Any CPU.Build.0 = Release|Any CPU
		{952B2DCF-F281-4886-A05C-7BEFD55B45D6}.Debug|Any CPU.ActiveCfg = Debug|Any CPU
		{952B2DCF-F281-4886-A05C-7BEFD55B45D6}.Debug|Any CPU.Build.0 = Debug|Any CPU
		{952B2DCF-F281-4886-A05C-7BEFD55B45D6}.Release|Any CPU.ActiveCfg = Release|Any CPU
		{952B2DCF-F281-4886-A05C-7BEFD55B45D6}.Release|Any CPU.Build.0 = Release|Any CPU
		{191EC39C-2737-4B74-AAED-0CC381A7D14F}.Debug|Any CPU.ActiveCfg = Debug|Any CPU
		{191EC39C-2737-4B74-AAED-0CC381A7D14F}.Debug|Any CPU.Build.0 = Debug|Any CPU
		{191EC39C-2737-4B74-AAED-0CC381A7D14F}.Release|Any CPU.ActiveCfg = Release|Any CPU
		{191EC39C-2737-4B74-AAED-0CC381A7D14F}.Release|Any CPU.Build.0 = Release|Any CPU
		{28252E31-521A-4AC0-9145-704FC91BD745}.Debug|Any CPU.ActiveCfg = Debug|Any CPU
		{28252E31-521A-4AC0-9145-704FC91BD745}.Debug|Any CPU.Build.0 = Debug|Any CPU
		{28252E31-521A-4AC0-9145-704FC91BD745}.Release|Any CPU.ActiveCfg = Release|Any CPU
		{28252E31-521A-4AC0-9145-704FC91BD745}.Release|Any CPU.Build.0 = Release|Any CPU
		{660B99B1-1E65-40F9-AA82-070074A1F624}.Debug|Any CPU.ActiveCfg = Debug|Any CPU
		{660B99B1-1E65-40F9-AA82-070074A1F624}.Debug|Any CPU.Build.0 = Debug|Any CPU
		{660B99B1-1E65-40F9-AA82-070074A1F624}.Release|Any CPU.ActiveCfg = Release|Any CPU
		{660B99B1-1E65-40F9-AA82-070074A1F624}.Release|Any CPU.Build.0 = Release|Any CPU
		{ADC8EC15-1CC3-4213-AC1B-1B4BCF4A5FEC}.Debug|Any CPU.ActiveCfg = Debug|Any CPU
		{ADC8EC15-1CC3-4213-AC1B-1B4BCF4A5FEC}.Debug|Any CPU.Build.0 = Debug|Any CPU
		{ADC8EC15-1CC3-4213-AC1B-1B4BCF4A5FEC}.Release|Any CPU.ActiveCfg = Release|Any CPU
		{ADC8EC15-1CC3-4213-AC1B-1B4BCF4A5FEC}.Release|Any CPU.Build.0 = Release|Any CPU
		{259B90F7-8CEF-48ED-8D72-DB27E9CFF202}.Debug|Any CPU.ActiveCfg = Debug|Any CPU
		{259B90F7-8CEF-48ED-8D72-DB27E9CFF202}.Debug|Any CPU.Build.0 = Debug|Any CPU
		{259B90F7-8CEF-48ED-8D72-DB27E9CFF202}.Release|Any CPU.ActiveCfg = Release|Any CPU
		{259B90F7-8CEF-48ED-8D72-DB27E9CFF202}.Release|Any CPU.Build.0 = Release|Any CPU
		{22D12632-CCF9-428A-AD33-0A2D5C94AE12}.Debug|Any CPU.ActiveCfg = Debug|Any CPU
		{22D12632-CCF9-428A-AD33-0A2D5C94AE12}.Debug|Any CPU.Build.0 = Debug|Any CPU
		{22D12632-CCF9-428A-AD33-0A2D5C94AE12}.Release|Any CPU.ActiveCfg = Release|Any CPU
		{22D12632-CCF9-428A-AD33-0A2D5C94AE12}.Release|Any CPU.Build.0 = Release|Any CPU
		{5957CF78-05C8-4500-AF8F-B5461B30B6BF}.Debug|Any CPU.ActiveCfg = Debug|Any CPU
		{5957CF78-05C8-4500-AF8F-B5461B30B6BF}.Debug|Any CPU.Build.0 = Debug|Any CPU
		{5957CF78-05C8-4500-AF8F-B5461B30B6BF}.Release|Any CPU.ActiveCfg = Release|Any CPU
		{5957CF78-05C8-4500-AF8F-B5461B30B6BF}.Release|Any CPU.Build.0 = Release|Any CPU
		{4D55C2E5-186C-4D09-8E86-7E94FCE162D3}.Debug|Any CPU.ActiveCfg = Debug|Any CPU
		{4D55C2E5-186C-4D09-8E86-7E94FCE162D3}.Debug|Any CPU.Build.0 = Debug|Any CPU
		{4D55C2E5-186C-4D09-8E86-7E94FCE162D3}.Release|Any CPU.ActiveCfg = Release|Any CPU
		{4D55C2E5-186C-4D09-8E86-7E94FCE162D3}.Release|Any CPU.Build.0 = Release|Any CPU
		{654BEBA7-E787-43FC-9BFA-B4981C6A0D95}.Debug|Any CPU.ActiveCfg = Debug|Any CPU
		{654BEBA7-E787-43FC-9BFA-B4981C6A0D95}.Debug|Any CPU.Build.0 = Debug|Any CPU
		{654BEBA7-E787-43FC-9BFA-B4981C6A0D95}.Release|Any CPU.ActiveCfg = Release|Any CPU
		{654BEBA7-E787-43FC-9BFA-B4981C6A0D95}.Release|Any CPU.Build.0 = Release|Any CPU
		{2AA79A53-A99D-408B-8E3A-4536BA3A2665}.Debug|Any CPU.ActiveCfg = Debug|Any CPU
		{2AA79A53-A99D-408B-8E3A-4536BA3A2665}.Debug|Any CPU.Build.0 = Debug|Any CPU
		{2AA79A53-A99D-408B-8E3A-4536BA3A2665}.Release|Any CPU.ActiveCfg = Release|Any CPU
		{2AA79A53-A99D-408B-8E3A-4536BA3A2665}.Release|Any CPU.Build.0 = Release|Any CPU
		{C4E7BD5E-3A3D-4649-B0EE-6AB133CE6829}.Debug|Any CPU.ActiveCfg = Debug|Any CPU
		{C4E7BD5E-3A3D-4649-B0EE-6AB133CE6829}.Debug|Any CPU.Build.0 = Debug|Any CPU
		{C4E7BD5E-3A3D-4649-B0EE-6AB133CE6829}.Release|Any CPU.ActiveCfg = Release|Any CPU
		{C4E7BD5E-3A3D-4649-B0EE-6AB133CE6829}.Release|Any CPU.Build.0 = Release|Any CPU
		{2701E50E-E5FC-48F8-97A0-26B3C5986384}.Debug|Any CPU.ActiveCfg = Debug|Any CPU
		{2701E50E-E5FC-48F8-97A0-26B3C5986384}.Debug|Any CPU.Build.0 = Debug|Any CPU
		{2701E50E-E5FC-48F8-97A0-26B3C5986384}.Release|Any CPU.ActiveCfg = Release|Any CPU
		{2701E50E-E5FC-48F8-97A0-26B3C5986384}.Release|Any CPU.Build.0 = Release|Any CPU
		{C07C04AE-A34E-4871-8A9D-FD2B26E46A19}.Debug|Any CPU.ActiveCfg = Debug|Any CPU
		{C07C04AE-A34E-4871-8A9D-FD2B26E46A19}.Debug|Any CPU.Build.0 = Debug|Any CPU
		{C07C04AE-A34E-4871-8A9D-FD2B26E46A19}.Release|Any CPU.ActiveCfg = Release|Any CPU
		{C07C04AE-A34E-4871-8A9D-FD2B26E46A19}.Release|Any CPU.Build.0 = Release|Any CPU
		{5FAD2F5A-198E-43EC-8576-FDDCBE7DB588}.Debug|Any CPU.ActiveCfg = Debug|Any CPU
		{5FAD2F5A-198E-43EC-8576-FDDCBE7DB588}.Debug|Any CPU.Build.0 = Debug|Any CPU
		{5FAD2F5A-198E-43EC-8576-FDDCBE7DB588}.Release|Any CPU.ActiveCfg = Release|Any CPU
		{5FAD2F5A-198E-43EC-8576-FDDCBE7DB588}.Release|Any CPU.Build.0 = Release|Any CPU
		{9D29CCDE-24D8-4259-9FB9-7DD9A5C4F297}.Debug|Any CPU.ActiveCfg = Debug|Any CPU
		{9D29CCDE-24D8-4259-9FB9-7DD9A5C4F297}.Debug|Any CPU.Build.0 = Debug|Any CPU
		{9D29CCDE-24D8-4259-9FB9-7DD9A5C4F297}.Release|Any CPU.ActiveCfg = Release|Any CPU
		{9D29CCDE-24D8-4259-9FB9-7DD9A5C4F297}.Release|Any CPU.Build.0 = Release|Any CPU
		{94539E4F-2611-4B40-BE9B-D91BF6A2062A}.Debug|Any CPU.ActiveCfg = Debug|Any CPU
		{94539E4F-2611-4B40-BE9B-D91BF6A2062A}.Debug|Any CPU.Build.0 = Debug|Any CPU
		{94539E4F-2611-4B40-BE9B-D91BF6A2062A}.Release|Any CPU.ActiveCfg = Release|Any CPU
		{94539E4F-2611-4B40-BE9B-D91BF6A2062A}.Release|Any CPU.Build.0 = Release|Any CPU
		{EBE79CE9-CB78-4973-B3CA-95CB21A80AD2}.Debug|Any CPU.ActiveCfg = Debug|Any CPU
		{EBE79CE9-CB78-4973-B3CA-95CB21A80AD2}.Debug|Any CPU.Build.0 = Debug|Any CPU
		{EBE79CE9-CB78-4973-B3CA-95CB21A80AD2}.Release|Any CPU.ActiveCfg = Release|Any CPU
		{EBE79CE9-CB78-4973-B3CA-95CB21A80AD2}.Release|Any CPU.Build.0 = Release|Any CPU
		{FA254707-E5B7-4B1E-AA05-1C0D37D3EF26}.Debug|Any CPU.ActiveCfg = Debug|Any CPU
		{FA254707-E5B7-4B1E-AA05-1C0D37D3EF26}.Debug|Any CPU.Build.0 = Debug|Any CPU
		{FA254707-E5B7-4B1E-AA05-1C0D37D3EF26}.Release|Any CPU.ActiveCfg = Release|Any CPU
		{FA254707-E5B7-4B1E-AA05-1C0D37D3EF26}.Release|Any CPU.Build.0 = Release|Any CPU
		{EA56ED58-9CC5-4FDD-8A48-15F28419FB76}.Debug|Any CPU.ActiveCfg = Debug|Any CPU
		{EA56ED58-9CC5-4FDD-8A48-15F28419FB76}.Debug|Any CPU.Build.0 = Debug|Any CPU
		{EA56ED58-9CC5-4FDD-8A48-15F28419FB76}.Release|Any CPU.ActiveCfg = Release|Any CPU
		{EA56ED58-9CC5-4FDD-8A48-15F28419FB76}.Release|Any CPU.Build.0 = Release|Any CPU
		{D6CEB5EA-512D-4963-AC61-7F43527623D4}.Debug|Any CPU.ActiveCfg = Debug|Any CPU
		{D6CEB5EA-512D-4963-AC61-7F43527623D4}.Debug|Any CPU.Build.0 = Debug|Any CPU
		{D6CEB5EA-512D-4963-AC61-7F43527623D4}.Release|Any CPU.ActiveCfg = Release|Any CPU
		{D6CEB5EA-512D-4963-AC61-7F43527623D4}.Release|Any CPU.Build.0 = Release|Any CPU
		{79E5890A-CF3D-4917-B7BC-725D0FAF9E1C}.Debug|Any CPU.ActiveCfg = Debug|Any CPU
		{79E5890A-CF3D-4917-B7BC-725D0FAF9E1C}.Debug|Any CPU.Build.0 = Debug|Any CPU
		{79E5890A-CF3D-4917-B7BC-725D0FAF9E1C}.Release|Any CPU.ActiveCfg = Release|Any CPU
		{79E5890A-CF3D-4917-B7BC-725D0FAF9E1C}.Release|Any CPU.Build.0 = Release|Any CPU
		{A7A2C423-DC0A-4245-B0C1-77301E56FBD0}.Debug|Any CPU.ActiveCfg = Debug|Any CPU
		{A7A2C423-DC0A-4245-B0C1-77301E56FBD0}.Debug|Any CPU.Build.0 = Debug|Any CPU
		{A7A2C423-DC0A-4245-B0C1-77301E56FBD0}.Release|Any CPU.ActiveCfg = Release|Any CPU
		{A7A2C423-DC0A-4245-B0C1-77301E56FBD0}.Release|Any CPU.Build.0 = Release|Any CPU
		{15D57AD6-013A-464C-9DEC-662577D00CB4}.Debug|Any CPU.ActiveCfg = Debug|Any CPU
		{15D57AD6-013A-464C-9DEC-662577D00CB4}.Debug|Any CPU.Build.0 = Debug|Any CPU
		{15D57AD6-013A-464C-9DEC-662577D00CB4}.Release|Any CPU.ActiveCfg = Release|Any CPU
		{15D57AD6-013A-464C-9DEC-662577D00CB4}.Release|Any CPU.Build.0 = Release|Any CPU
		{CCEB644D-819B-4B90-B1DB-D7B191D5663A}.Debug|Any CPU.ActiveCfg = Debug|Any CPU
		{CCEB644D-819B-4B90-B1DB-D7B191D5663A}.Debug|Any CPU.Build.0 = Debug|Any CPU
		{CCEB644D-819B-4B90-B1DB-D7B191D5663A}.Release|Any CPU.ActiveCfg = Release|Any CPU
		{CCEB644D-819B-4B90-B1DB-D7B191D5663A}.Release|Any CPU.Build.0 = Release|Any CPU
		{BF16A38E-2CFC-4DF4-B9DF-8605FDBA8649}.Debug|Any CPU.ActiveCfg = Debug|Any CPU
		{BF16A38E-2CFC-4DF4-B9DF-8605FDBA8649}.Debug|Any CPU.Build.0 = Debug|Any CPU
		{BF16A38E-2CFC-4DF4-B9DF-8605FDBA8649}.Release|Any CPU.ActiveCfg = Release|Any CPU
		{BF16A38E-2CFC-4DF4-B9DF-8605FDBA8649}.Release|Any CPU.Build.0 = Release|Any CPU
		{689DC41E-1CA4-44A1-8615-93CD0E6D969D}.Debug|Any CPU.ActiveCfg = Debug|Any CPU
		{689DC41E-1CA4-44A1-8615-93CD0E6D969D}.Debug|Any CPU.Build.0 = Debug|Any CPU
		{689DC41E-1CA4-44A1-8615-93CD0E6D969D}.Release|Any CPU.ActiveCfg = Release|Any CPU
		{689DC41E-1CA4-44A1-8615-93CD0E6D969D}.Release|Any CPU.Build.0 = Release|Any CPU
		{3BF7AF07-C1FE-42EC-BDC2-A18C43750969}.Debug|Any CPU.ActiveCfg = Debug|Any CPU
		{3BF7AF07-C1FE-42EC-BDC2-A18C43750969}.Debug|Any CPU.Build.0 = Debug|Any CPU
		{3BF7AF07-C1FE-42EC-BDC2-A18C43750969}.Release|Any CPU.ActiveCfg = Release|Any CPU
		{3BF7AF07-C1FE-42EC-BDC2-A18C43750969}.Release|Any CPU.Build.0 = Release|Any CPU
		{326E494F-B99A-4EA4-BB92-C2D70532C627}.Debug|Any CPU.ActiveCfg = Debug|Any CPU
		{326E494F-B99A-4EA4-BB92-C2D70532C627}.Debug|Any CPU.Build.0 = Debug|Any CPU
		{326E494F-B99A-4EA4-BB92-C2D70532C627}.Release|Any CPU.ActiveCfg = Release|Any CPU
		{326E494F-B99A-4EA4-BB92-C2D70532C627}.Release|Any CPU.Build.0 = Release|Any CPU
		{2B027D02-A6DE-4BBD-8C58-D80F41A87DE8}.Debug|Any CPU.ActiveCfg = Debug|Any CPU
		{2B027D02-A6DE-4BBD-8C58-D80F41A87DE8}.Debug|Any CPU.Build.0 = Debug|Any CPU
		{2B027D02-A6DE-4BBD-8C58-D80F41A87DE8}.Release|Any CPU.ActiveCfg = Release|Any CPU
		{2B027D02-A6DE-4BBD-8C58-D80F41A87DE8}.Release|Any CPU.Build.0 = Release|Any CPU
		{2623454F-09A2-44CF-9C4B-8E581B003F7E}.Debug|Any CPU.ActiveCfg = Debug|Any CPU
		{2623454F-09A2-44CF-9C4B-8E581B003F7E}.Debug|Any CPU.Build.0 = Debug|Any CPU
		{2623454F-09A2-44CF-9C4B-8E581B003F7E}.Release|Any CPU.ActiveCfg = Release|Any CPU
		{2623454F-09A2-44CF-9C4B-8E581B003F7E}.Release|Any CPU.Build.0 = Release|Any CPU
		{091A7D41-E719-429E-8A8D-0D0AC2F82ADD}.Debug|Any CPU.ActiveCfg = Debug|Any CPU
		{091A7D41-E719-429E-8A8D-0D0AC2F82ADD}.Debug|Any CPU.Build.0 = Debug|Any CPU
		{091A7D41-E719-429E-8A8D-0D0AC2F82ADD}.Release|Any CPU.ActiveCfg = Release|Any CPU
		{091A7D41-E719-429E-8A8D-0D0AC2F82ADD}.Release|Any CPU.Build.0 = Release|Any CPU
		{8CCF5678-A514-4A22-9780-6F0D485DE9B3}.Debug|Any CPU.ActiveCfg = Debug|Any CPU
		{8CCF5678-A514-4A22-9780-6F0D485DE9B3}.Debug|Any CPU.Build.0 = Debug|Any CPU
		{8CCF5678-A514-4A22-9780-6F0D485DE9B3}.Release|Any CPU.ActiveCfg = Release|Any CPU
		{8CCF5678-A514-4A22-9780-6F0D485DE9B3}.Release|Any CPU.Build.0 = Release|Any CPU
		{4803818B-8755-4A65-A996-86A0BF0A02E6}.Debug|Any CPU.ActiveCfg = Debug|Any CPU
		{4803818B-8755-4A65-A996-86A0BF0A02E6}.Debug|Any CPU.Build.0 = Debug|Any CPU
		{4803818B-8755-4A65-A996-86A0BF0A02E6}.Release|Any CPU.ActiveCfg = Release|Any CPU
		{4803818B-8755-4A65-A996-86A0BF0A02E6}.Release|Any CPU.Build.0 = Release|Any CPU
		{000C1686-71D7-4139-9C79-6A441FC2D798}.Debug|Any CPU.ActiveCfg = Debug|Any CPU
		{000C1686-71D7-4139-9C79-6A441FC2D798}.Debug|Any CPU.Build.0 = Debug|Any CPU
		{000C1686-71D7-4139-9C79-6A441FC2D798}.Release|Any CPU.ActiveCfg = Release|Any CPU
		{000C1686-71D7-4139-9C79-6A441FC2D798}.Release|Any CPU.Build.0 = Release|Any CPU
		{BCB6A07D-172A-4250-9ED6-6A1C371D0D0D}.Debug|Any CPU.ActiveCfg = Debug|Any CPU
		{BCB6A07D-172A-4250-9ED6-6A1C371D0D0D}.Debug|Any CPU.Build.0 = Debug|Any CPU
		{BCB6A07D-172A-4250-9ED6-6A1C371D0D0D}.Release|Any CPU.ActiveCfg = Release|Any CPU
		{BCB6A07D-172A-4250-9ED6-6A1C371D0D0D}.Release|Any CPU.Build.0 = Release|Any CPU
		{58BA78A5-C5CE-4503-91A0-22B5C0975F7B}.Debug|Any CPU.ActiveCfg = Debug|Any CPU
		{58BA78A5-C5CE-4503-91A0-22B5C0975F7B}.Debug|Any CPU.Build.0 = Debug|Any CPU
		{58BA78A5-C5CE-4503-91A0-22B5C0975F7B}.Release|Any CPU.ActiveCfg = Release|Any CPU
		{58BA78A5-C5CE-4503-91A0-22B5C0975F7B}.Release|Any CPU.Build.0 = Release|Any CPU
		{D3CA5050-1178-419C-BB60-34AD626AF576}.Debug|Any CPU.ActiveCfg = Debug|Any CPU
		{D3CA5050-1178-419C-BB60-34AD626AF576}.Debug|Any CPU.Build.0 = Debug|Any CPU
		{D3CA5050-1178-419C-BB60-34AD626AF576}.Release|Any CPU.ActiveCfg = Release|Any CPU
		{D3CA5050-1178-419C-BB60-34AD626AF576}.Release|Any CPU.Build.0 = Release|Any CPU
		{072005EF-E42F-48B1-A232-4B90FC4B8669}.Debug|Any CPU.ActiveCfg = Debug|Any CPU
		{072005EF-E42F-48B1-A232-4B90FC4B8669}.Debug|Any CPU.Build.0 = Debug|Any CPU
		{072005EF-E42F-48B1-A232-4B90FC4B8669}.Release|Any CPU.ActiveCfg = Release|Any CPU
		{072005EF-E42F-48B1-A232-4B90FC4B8669}.Release|Any CPU.Build.0 = Release|Any CPU
		{343D3700-513D-4637-9A06-4290E7C2ED21}.Debug|Any CPU.ActiveCfg = Debug|Any CPU
		{343D3700-513D-4637-9A06-4290E7C2ED21}.Debug|Any CPU.Build.0 = Debug|Any CPU
		{343D3700-513D-4637-9A06-4290E7C2ED21}.Release|Any CPU.ActiveCfg = Release|Any CPU
		{343D3700-513D-4637-9A06-4290E7C2ED21}.Release|Any CPU.Build.0 = Release|Any CPU
		{BC6169A9-3BAF-4FFE-A115-3B8B68F1BCB8}.Debug|Any CPU.ActiveCfg = Debug|Any CPU
		{BC6169A9-3BAF-4FFE-A115-3B8B68F1BCB8}.Debug|Any CPU.Build.0 = Debug|Any CPU
		{BC6169A9-3BAF-4FFE-A115-3B8B68F1BCB8}.Release|Any CPU.ActiveCfg = Release|Any CPU
		{BC6169A9-3BAF-4FFE-A115-3B8B68F1BCB8}.Release|Any CPU.Build.0 = Release|Any CPU
		{A4453FE8-844E-4093-A067-D57254FCAE39}.Debug|Any CPU.ActiveCfg = Debug|Any CPU
		{A4453FE8-844E-4093-A067-D57254FCAE39}.Debug|Any CPU.Build.0 = Debug|Any CPU
		{A4453FE8-844E-4093-A067-D57254FCAE39}.Release|Any CPU.ActiveCfg = Release|Any CPU
		{A4453FE8-844E-4093-A067-D57254FCAE39}.Release|Any CPU.Build.0 = Release|Any CPU
		{B7DA5B4B-1507-4B0F-A823-825649BC2791}.Debug|Any CPU.ActiveCfg = Debug|Any CPU
		{B7DA5B4B-1507-4B0F-A823-825649BC2791}.Debug|Any CPU.Build.0 = Debug|Any CPU
		{B7DA5B4B-1507-4B0F-A823-825649BC2791}.Release|Any CPU.ActiveCfg = Release|Any CPU
		{B7DA5B4B-1507-4B0F-A823-825649BC2791}.Release|Any CPU.Build.0 = Release|Any CPU
		{DD89E47A-A5A4-4C86-8055-F3A10A9DE4CA}.Debug|Any CPU.ActiveCfg = Debug|Any CPU
		{DD89E47A-A5A4-4C86-8055-F3A10A9DE4CA}.Debug|Any CPU.Build.0 = Debug|Any CPU
		{DD89E47A-A5A4-4C86-8055-F3A10A9DE4CA}.Release|Any CPU.ActiveCfg = Release|Any CPU
		{DD89E47A-A5A4-4C86-8055-F3A10A9DE4CA}.Release|Any CPU.Build.0 = Release|Any CPU
		{BF1610E5-C7D7-4B9D-8109-CB7F1CEDA50E}.Debug|Any CPU.ActiveCfg = Debug|Any CPU
		{BF1610E5-C7D7-4B9D-8109-CB7F1CEDA50E}.Debug|Any CPU.Build.0 = Debug|Any CPU
		{BF1610E5-C7D7-4B9D-8109-CB7F1CEDA50E}.Release|Any CPU.ActiveCfg = Release|Any CPU
		{BF1610E5-C7D7-4B9D-8109-CB7F1CEDA50E}.Release|Any CPU.Build.0 = Release|Any CPU
		{4B4AEBE5-271C-4B70-8CF7-4CEA20846E5E}.Debug|Any CPU.ActiveCfg = Debug|Any CPU
		{4B4AEBE5-271C-4B70-8CF7-4CEA20846E5E}.Debug|Any CPU.Build.0 = Debug|Any CPU
		{4B4AEBE5-271C-4B70-8CF7-4CEA20846E5E}.Release|Any CPU.ActiveCfg = Release|Any CPU
		{4B4AEBE5-271C-4B70-8CF7-4CEA20846E5E}.Release|Any CPU.Build.0 = Release|Any CPU
		{93812A78-CA40-4D97-8962-6DAF3CDA09D0}.Debug|Any CPU.ActiveCfg = Debug|Any CPU
		{93812A78-CA40-4D97-8962-6DAF3CDA09D0}.Debug|Any CPU.Build.0 = Debug|Any CPU
		{93812A78-CA40-4D97-8962-6DAF3CDA09D0}.Release|Any CPU.ActiveCfg = Release|Any CPU
		{93812A78-CA40-4D97-8962-6DAF3CDA09D0}.Release|Any CPU.Build.0 = Release|Any CPU
		{2A948B84-1FD6-43A4-950E-78BF8C9A9D4D}.Debug|Any CPU.ActiveCfg = Debug|Any CPU
		{2A948B84-1FD6-43A4-950E-78BF8C9A9D4D}.Debug|Any CPU.Build.0 = Debug|Any CPU
		{2A948B84-1FD6-43A4-950E-78BF8C9A9D4D}.Release|Any CPU.ActiveCfg = Release|Any CPU
		{2A948B84-1FD6-43A4-950E-78BF8C9A9D4D}.Release|Any CPU.Build.0 = Release|Any CPU
		{2C9510E9-8884-467C-A5FE-0B102A585435}.Debug|Any CPU.ActiveCfg = Debug|Any CPU
		{2C9510E9-8884-467C-A5FE-0B102A585435}.Debug|Any CPU.Build.0 = Debug|Any CPU
		{2C9510E9-8884-467C-A5FE-0B102A585435}.Release|Any CPU.ActiveCfg = Release|Any CPU
		{2C9510E9-8884-467C-A5FE-0B102A585435}.Release|Any CPU.Build.0 = Release|Any CPU
		{E97E8168-E0D0-4B06-AF1E-DBAA69D21FD6}.Debug|Any CPU.ActiveCfg = Debug|Any CPU
		{E97E8168-E0D0-4B06-AF1E-DBAA69D21FD6}.Debug|Any CPU.Build.0 = Debug|Any CPU
		{E97E8168-E0D0-4B06-AF1E-DBAA69D21FD6}.Release|Any CPU.ActiveCfg = Release|Any CPU
		{E97E8168-E0D0-4B06-AF1E-DBAA69D21FD6}.Release|Any CPU.Build.0 = Release|Any CPU
		{56FB7094-BA67-4757-AB93-289855B2C984}.Debug|Any CPU.ActiveCfg = Debug|Any CPU
		{56FB7094-BA67-4757-AB93-289855B2C984}.Debug|Any CPU.Build.0 = Debug|Any CPU
		{56FB7094-BA67-4757-AB93-289855B2C984}.Release|Any CPU.ActiveCfg = Release|Any CPU
		{56FB7094-BA67-4757-AB93-289855B2C984}.Release|Any CPU.Build.0 = Release|Any CPU
		{4823A53E-81C4-4410-BA3E-1257818C83CA}.Debug|Any CPU.ActiveCfg = Debug|Any CPU
		{4823A53E-81C4-4410-BA3E-1257818C83CA}.Debug|Any CPU.Build.0 = Debug|Any CPU
		{4823A53E-81C4-4410-BA3E-1257818C83CA}.Release|Any CPU.ActiveCfg = Release|Any CPU
		{4823A53E-81C4-4410-BA3E-1257818C83CA}.Release|Any CPU.Build.0 = Release|Any CPU
		{5CCC1C6D-F4EB-498E-8E1C-A82FBC65046C}.Debug|Any CPU.ActiveCfg = Debug|Any CPU
		{5CCC1C6D-F4EB-498E-8E1C-A82FBC65046C}.Debug|Any CPU.Build.0 = Debug|Any CPU
		{5CCC1C6D-F4EB-498E-8E1C-A82FBC65046C}.Release|Any CPU.ActiveCfg = Release|Any CPU
		{5CCC1C6D-F4EB-498E-8E1C-A82FBC65046C}.Release|Any CPU.Build.0 = Release|Any CPU
		{0B2564CA-1157-4F6B-8D2A-A1DBFABF33AF}.Debug|Any CPU.ActiveCfg = Debug|Any CPU
		{0B2564CA-1157-4F6B-8D2A-A1DBFABF33AF}.Debug|Any CPU.Build.0 = Debug|Any CPU
		{0B2564CA-1157-4F6B-8D2A-A1DBFABF33AF}.Release|Any CPU.ActiveCfg = Release|Any CPU
		{0B2564CA-1157-4F6B-8D2A-A1DBFABF33AF}.Release|Any CPU.Build.0 = Release|Any CPU
		{577B9A3F-D36E-45D6-8EEC-57AA009D21CA}.Debug|Any CPU.ActiveCfg = Debug|Any CPU
		{577B9A3F-D36E-45D6-8EEC-57AA009D21CA}.Debug|Any CPU.Build.0 = Debug|Any CPU
		{577B9A3F-D36E-45D6-8EEC-57AA009D21CA}.Release|Any CPU.ActiveCfg = Release|Any CPU
		{577B9A3F-D36E-45D6-8EEC-57AA009D21CA}.Release|Any CPU.Build.0 = Release|Any CPU
		{099FDD68-E72A-490C-AABB-22720D0D9A58}.Debug|Any CPU.ActiveCfg = Debug|Any CPU
		{099FDD68-E72A-490C-AABB-22720D0D9A58}.Debug|Any CPU.Build.0 = Debug|Any CPU
		{099FDD68-E72A-490C-AABB-22720D0D9A58}.Release|Any CPU.ActiveCfg = Release|Any CPU
		{099FDD68-E72A-490C-AABB-22720D0D9A58}.Release|Any CPU.Build.0 = Release|Any CPU
		{B337E2C8-CAA9-49C6-AE2F-A827A256E170}.Debug|Any CPU.ActiveCfg = Debug|Any CPU
		{B337E2C8-CAA9-49C6-AE2F-A827A256E170}.Debug|Any CPU.Build.0 = Debug|Any CPU
		{B337E2C8-CAA9-49C6-AE2F-A827A256E170}.Release|Any CPU.ActiveCfg = Release|Any CPU
		{B337E2C8-CAA9-49C6-AE2F-A827A256E170}.Release|Any CPU.Build.0 = Release|Any CPU
		{CFB7F90A-4F51-482F-BEA1-B7267EC99458}.Debug|Any CPU.ActiveCfg = Debug|Any CPU
		{CFB7F90A-4F51-482F-BEA1-B7267EC99458}.Debug|Any CPU.Build.0 = Debug|Any CPU
		{CFB7F90A-4F51-482F-BEA1-B7267EC99458}.Release|Any CPU.ActiveCfg = Release|Any CPU
		{CFB7F90A-4F51-482F-BEA1-B7267EC99458}.Release|Any CPU.Build.0 = Release|Any CPU
		{D1935E66-70B8-4FC0-A466-2EE7087F4931}.Debug|Any CPU.ActiveCfg = Debug|Any CPU
		{D1935E66-70B8-4FC0-A466-2EE7087F4931}.Debug|Any CPU.Build.0 = Debug|Any CPU
		{D1935E66-70B8-4FC0-A466-2EE7087F4931}.Release|Any CPU.ActiveCfg = Release|Any CPU
		{D1935E66-70B8-4FC0-A466-2EE7087F4931}.Release|Any CPU.Build.0 = Release|Any CPU
		{A88B5ADD-FF2C-4080-8610-447C16E07431}.Debug|Any CPU.ActiveCfg = Debug|Any CPU
		{A88B5ADD-FF2C-4080-8610-447C16E07431}.Debug|Any CPU.Build.0 = Debug|Any CPU
		{A88B5ADD-FF2C-4080-8610-447C16E07431}.Release|Any CPU.ActiveCfg = Release|Any CPU
		{A88B5ADD-FF2C-4080-8610-447C16E07431}.Release|Any CPU.Build.0 = Release|Any CPU
		{56BB04D2-0852-4F75-A718-396C9860C8DC}.Debug|Any CPU.ActiveCfg = Debug|Any CPU
		{56BB04D2-0852-4F75-A718-396C9860C8DC}.Debug|Any CPU.Build.0 = Debug|Any CPU
		{56BB04D2-0852-4F75-A718-396C9860C8DC}.Release|Any CPU.ActiveCfg = Release|Any CPU
		{56BB04D2-0852-4F75-A718-396C9860C8DC}.Release|Any CPU.Build.0 = Release|Any CPU
	EndGlobalSection
	GlobalSection(SolutionProperties) = preSolution
		HideSolutionNode = FALSE
	EndGlobalSection
	GlobalSection(ExtensibilityGlobals) = postSolution
		SolutionGuid = {0812E7E5-119E-4595-88F6-0C6F05581908}
	EndGlobalSection
EndGlobal
