
Microsoft Visual Studio Solution File, Format Version 12.00
# Visual Studio Version 17
VisualStudioVersion = 17.13.35919.96
MinimumVisualStudioVersion = 10.0.40219.1
Project("{FAE04EC0-301F-11D3-BF4B-00C04F79EFBC}") = "PrintHelloName", "PrintHelloName\PrintHelloName.csproj", "{3D2BA6B8-FE67-4E44-8894-96BC2AF6EA69}"
EndProject
Project("{FAE04EC0-301F-11D3-BF4B-00C04F79EFBC}") = "SumOfTwoNumbers", "SumOfTwoNumbers\SumOfTwoNumbers.csproj", "{BBEF1001-3E61-4ACD-A872-D4319D2B375E}"
EndProject
Project("{FAE04EC0-301F-11D3-BF4B-00C04F79EFBC}") = "DivideTwoNumbers", "DivideTwoNumbers\DivideTwoNumbers.csproj", "{9E3909A3-5C98-44CA-B057-0025CB51AE82}"
EndProject
Project("{FAE04EC0-301F-11D3-BF4B-00C04F79EFBC}") = "SpecifiedOperationsResults", "SpecifiedOperationsResults\SpecifiedOperationsResults.csproj", "{D0234522-A479-47BA-856D-7D1B58586EE3}"
EndProject
Project("{FAE04EC0-301F-11D3-BF4B-00C04F79EFBC}") = "SwapTwoNumbers", "SwapTwoNumbers\SwapTwoNumbers.csproj", "{63750D25-1D5A-432E-806B-1006EA631830}"
EndProject
Project("{FAE04EC0-301F-11D3-BF4B-00C04F79EFBC}") = "MultiplyThreeNumbers", "MultiplyThreeNumbers\MultiplyThreeNumbers.csproj", "{06EECCA9-7484-4D7C-86D7-A42409631A58}"
EndProject
Project("{FAE04EC0-301F-11D3-BF4B-00C04F79EFBC}") = "ArithmeticOperations", "ArithmeticOperations\ArithmeticOperations.csproj", "{436352B2-3FF1-482F-B04C-4CD5FF7095F7}"
EndProject
Project("{FAE04EC0-301F-11D3-BF4B-00C04F79EFBC}") = "MultiplicationTable", "MultiplicationTable\MultiplicationTable.csproj", "{952B2DCF-F281-4886-A05C-7BEFD55B45D6}"
EndProject
Project("{FAE04EC0-301F-11D3-BF4B-00C04F79EFBC}") = "AverageFourNumbers", "AverageFourNumbers\AverageFourNumbers.csproj", "{191EC39C-2737-4B74-AAED-0CC381A7D14F}"
EndProject
Project("{FAE04EC0-301F-11D3-BF4B-00C04F79EFBC}") = "SpecifiedFormulWithThreeNumbers", "SpecifiedFormulWithThreeNumbers\SpecifiedFormulWithThreeNumbers.csproj", "{28252E31-521A-4AC0-9145-704FC91BD745}"
EndProject
Project("{FAE04EC0-301F-11D3-BF4B-00C04F79EFBC}") = "PrintAgeMessage", "PrintAgeMessage\PrintAgeMessage.csproj", "{660B99B1-1E65-40F9-AA82-070074A1F624}"
EndProject
Project("{FAE04EC0-301F-11D3-BF4B-00C04F79EFBC}") = "RepeatNumberInRows", "RepeatNumberInRows\RepeatNumberInRows.csproj", "{ADC8EC15-1CC3-4213-AC1B-1B4BCF4A5FEC}"
EndProject
Project("{FAE04EC0-301F-11D3-BF4B-00C04F79EFBC}") = "RectanglePatternWithNumber", "RectanglePatternWithNumber\RectanglePatternWithNumber.csproj", "{259B90F7-8CEF-48ED-8D72-DB27E9CFF202}"
EndProject
Project("{FAE04EC0-301F-11D3-BF4B-00C04F79EFBC}") = "CelsiusToKelvinAndFahrenheit", "CelsiusToKelvinAndFahrenheit\CelsiusToKelvinAndFahrenheit.csproj", "{22D12632-CCF9-428A-AD33-0A2D5C94AE12}"
EndProject
Project("{FAE04EC0-301F-11D3-BF4B-00C04F79EFBC}") = "RemoveCharacterByIndex", "RemoveCharacterByIndex\RemoveCharacterByIndex.csproj", "{5957CF78-05C8-4500-AF8F-B5461B30B6BF}"
EndProject
Project("{FAE04EC0-301F-11D3-BF4B-00C04F79EFBC}") = "SwapFirstAndLastCharacters", "SwapFirstAndLastCharacters\SwapFirstAndLastCharacters.csproj", "{4D55C2E5-186C-4D09-8E86-7E94FCE162D3}"
EndProject
Project("{FAE04EC0-301F-11D3-BF4B-00C04F79EFBC}") = "AddFirstCharacterToFrontAndBack", "AddFirstCharacterToFrontAndBack\AddFirstCharacterToFrontAndBack.csproj", "{654BEBA7-E787-43FC-9BFA-B4981C6A0D95}"
EndProject
Project("{FAE04EC0-301F-11D3-BF4B-00C04F79EFBC}") = "CheckPositiveAndNegativePair", "CheckPositiveAndNegativePair\CheckPositiveAndNegativePair.csproj", "{2AA79A53-A99D-408B-8E3A-4536BA3A2665}"
EndProject
Project("{FAE04EC0-301F-11D3-BF4B-00C04F79EFBC}") = "SumOrTripleSumOfIntegers", "SumOrTripleSumOfIntegers\SumOrTripleSumOfIntegers.csproj", "{C4E7BD5E-3A3D-4649-B0EE-6AB133CE6829}"
EndProject
Project("{FAE04EC0-301F-11D3-BF4B-00C04F79EFBC}") = "AbsoluteDifferenceOrDoubleIt", "AbsoluteDifferenceOrDoubleIt\AbsoluteDifferenceOrDoubleIt.csproj", "{2701E50E-E5FC-48F8-97A0-26B3C5986384}"
EndProject
Project("{FAE04EC0-301F-11D3-BF4B-00C04F79EFBC}") = "Check20orSumEquals20", "Check20orSumEquals20\Check20orSumEquals20.csproj", "{C07C04AE-A34E-4871-8A9D-FD2B26E46A19}"
EndProject
Project("{FAE04EC0-301F-11D3-BF4B-00C04F79EFBC}") = "CheckWithin20of100or200", "CheckWithin20of100or200\CheckWithin20of100or200.csproj", "{5FAD2F5A-198E-43EC-8576-FDDCBE7DB588}"
EndProject
Project("{FAE04EC0-301F-11D3-BF4B-00C04F79EFBC}") = "ConvertStringToLowercase", "ConvertStringToLowercase\ConvertStringToLowercase.csproj", "{9D29CCDE-24D8-4259-9FB9-7DD9A5C4F297}"
EndProject
Project("{FAE04EC0-301F-11D3-BF4B-00C04F79EFBC}") = "FindLongestWordInString", "FindLongestWordInString\FindLongestWordInString.csproj", "{94539E4F-2611-4B40-BE9B-D91BF6A2062A}"
EndProject
Project("{FAE04EC0-301F-11D3-BF4B-00C04F79EFBC}") = "PrintOddNumbersOneToNinetyNine", "PrintOddNumbersOneToNinetyNine\PrintOddNumbersOneToNinetyNine.csproj", "{EBE79CE9-CB78-4973-B3CA-95CB21A80AD2}"
EndProject
Project("{FAE04EC0-301F-11D3-BF4B-00C04F79EFBC}") = "SumOfFirst500Primes", "SumOfFirst500Primes\SumOfFirst500Primes.csproj", "{FA254707-E5B7-4B1E-AA05-1C0D37D3EF26}"
EndProject
Project("{FAE04EC0-301F-11D3-BF4B-00C04F79EFBC}") = "SumOfDigitsInInteger", "SumOfDigitsInInteger\SumOfDigitsInInteger.csproj", "{EA56ED58-9CC5-4FDD-8A48-15F28419FB76}"
EndProject
Global
	GlobalSection(SolutionConfigurationPlatforms) = preSolution
		Debug|Any CPU = Debug|Any CPU
		Release|Any CPU = Release|Any CPU
	EndGlobalSection
	GlobalSection(ProjectConfigurationPlatforms) = postSolution
		{3D2BA6B8-FE67-4E44-8894-96BC2AF6EA69}.Debug|Any CPU.ActiveCfg = Debug|Any CPU
		{3D2BA6B8-FE67-4E44-8894-96BC2AF6EA69}.Debug|Any CPU.Build.0 = Debug|Any CPU
		{3D2BA6B8-FE67-4E44-8894-96BC2AF6EA69}.Release|Any CPU.ActiveCfg = Release|Any CPU
		{3D2BA6B8-FE67-4E44-8894-96BC2AF6EA69}.Release|Any CPU.Build.0 = Release|Any CPU
		{BBEF1001-3E61-4ACD-A872-D4319D2B375E}.Debug|Any CPU.ActiveCfg = Debug|Any CPU
		{BBEF1001-3E61-4ACD-A872-D4319D2B375E}.Debug|Any CPU.Build.0 = Debug|Any CPU
		{BBEF1001-3E61-4ACD-A872-D4319D2B375E}.Release|Any CPU.ActiveCfg = Release|Any CPU
		{BBEF1001-3E61-4ACD-A872-D4319D2B375E}.Release|Any CPU.Build.0 = Release|Any CPU
		{9E3909A3-5C98-44CA-B057-0025CB51AE82}.Debug|Any CPU.ActiveCfg = Debug|Any CPU
		{9E3909A3-5C98-44CA-B057-0025CB51AE82}.Debug|Any CPU.Build.0 = Debug|Any CPU
		{9E3909A3-5C98-44CA-B057-0025CB51AE82}.Release|Any CPU.ActiveCfg = Release|Any CPU
		{9E3909A3-5C98-44CA-B057-0025CB51AE82}.Release|Any CPU.Build.0 = Release|Any CPU
		{D0234522-A479-47BA-856D-7D1B58586EE3}.Debug|Any CPU.ActiveCfg = Debug|Any CPU
		{D0234522-A479-47BA-856D-7D1B58586EE3}.Debug|Any CPU.Build.0 = Debug|Any CPU
		{D0234522-A479-47BA-856D-7D1B58586EE3}.Release|Any CPU.ActiveCfg = Release|Any CPU
		{D0234522-A479-47BA-856D-7D1B58586EE3}.Release|Any CPU.Build.0 = Release|Any CPU
		{63750D25-1D5A-432E-806B-1006EA631830}.Debug|Any CPU.ActiveCfg = Debug|Any CPU
		{63750D25-1D5A-432E-806B-1006EA631830}.Debug|Any CPU.Build.0 = Debug|Any CPU
		{63750D25-1D5A-432E-806B-1006EA631830}.Release|Any CPU.ActiveCfg = Release|Any CPU
		{63750D25-1D5A-432E-806B-1006EA631830}.Release|Any CPU.Build.0 = Release|Any CPU
		{06EECCA9-7484-4D7C-86D7-A42409631A58}.Debug|Any CPU.ActiveCfg = Debug|Any CPU
		{06EECCA9-7484-4D7C-86D7-A42409631A58}.Debug|Any CPU.Build.0 = Debug|Any CPU
		{06EECCA9-7484-4D7C-86D7-A42409631A58}.Release|Any CPU.ActiveCfg = Release|Any CPU
		{06EECCA9-7484-4D7C-86D7-A42409631A58}.Release|Any CPU.Build.0 = Release|Any CPU
		{436352B2-3FF1-482F-B04C-4CD5FF7095F7}.Debug|Any CPU.ActiveCfg = Debug|Any CPU
		{436352B2-3FF1-482F-B04C-4CD5FF7095F7}.Debug|Any CPU.Build.0 = Debug|Any CPU
		{436352B2-3FF1-482F-B04C-4CD5FF7095F7}.Release|Any CPU.ActiveCfg = Release|Any CPU
		{436352B2-3FF1-482F-B04C-4CD5FF7095F7}.Release|Any CPU.Build.0 = Release|Any CPU
		{952B2DCF-F281-4886-A05C-7BEFD55B45D6}.Debug|Any CPU.ActiveCfg = Debug|Any CPU
		{952B2DCF-F281-4886-A05C-7BEFD55B45D6}.Debug|Any CPU.Build.0 = Debug|Any CPU
		{952B2DCF-F281-4886-A05C-7BEFD55B45D6}.Release|Any CPU.ActiveCfg = Release|Any CPU
		{952B2DCF-F281-4886-A05C-7BEFD55B45D6}.Release|Any CPU.Build.0 = Release|Any CPU
		{191EC39C-2737-4B74-AAED-0CC381A7D14F}.Debug|Any CPU.ActiveCfg = Debug|Any CPU
		{191EC39C-2737-4B74-AAED-0CC381A7D14F}.Debug|Any CPU.Build.0 = Debug|Any CPU
		{191EC39C-2737-4B74-AAED-0CC381A7D14F}.Release|Any CPU.ActiveCfg = Release|Any CPU
		{191EC39C-2737-4B74-AAED-0CC381A7D14F}.Release|Any CPU.Build.0 = Release|Any CPU
		{28252E31-521A-4AC0-9145-704FC91BD745}.Debug|Any CPU.ActiveCfg = Debug|Any CPU
		{28252E31-521A-4AC0-9145-704FC91BD745}.Debug|Any CPU.Build.0 = Debug|Any CPU
		{28252E31-521A-4AC0-9145-704FC91BD745}.Release|Any CPU.ActiveCfg = Release|Any CPU
		{28252E31-521A-4AC0-9145-704FC91BD745}.Release|Any CPU.Build.0 = Release|Any CPU
		{660B99B1-1E65-40F9-AA82-070074A1F624}.Debug|Any CPU.ActiveCfg = Debug|Any CPU
		{660B99B1-1E65-40F9-AA82-070074A1F624}.Debug|Any CPU.Build.0 = Debug|Any CPU
		{660B99B1-1E65-40F9-AA82-070074A1F624}.Release|Any CPU.ActiveCfg = Release|Any CPU
		{660B99B1-1E65-40F9-AA82-070074A1F624}.Release|Any CPU.Build.0 = Release|Any CPU
		{ADC8EC15-1CC3-4213-AC1B-1B4BCF4A5FEC}.Debug|Any CPU.ActiveCfg = Debug|Any CPU
		{ADC8EC15-1CC3-4213-AC1B-1B4BCF4A5FEC}.Debug|Any CPU.Build.0 = Debug|Any CPU
		{ADC8EC15-1CC3-4213-AC1B-1B4BCF4A5FEC}.Release|Any CPU.ActiveCfg = Release|Any CPU
		{ADC8EC15-1CC3-4213-AC1B-1B4BCF4A5FEC}.Release|Any CPU.Build.0 = Release|Any CPU
		{259B90F7-8CEF-48ED-8D72-DB27E9CFF202}.Debug|Any CPU.ActiveCfg = Debug|Any CPU
		{259B90F7-8CEF-48ED-8D72-DB27E9CFF202}.Debug|Any CPU.Build.0 = Debug|Any CPU
		{259B90F7-8CEF-48ED-8D72-DB27E9CFF202}.Release|Any CPU.ActiveCfg = Release|Any CPU
		{259B90F7-8CEF-48ED-8D72-DB27E9CFF202}.Release|Any CPU.Build.0 = Release|Any CPU
		{22D12632-CCF9-428A-AD33-0A2D5C94AE12}.Debug|Any CPU.ActiveCfg = Debug|Any CPU
		{22D12632-CCF9-428A-AD33-0A2D5C94AE12}.Debug|Any CPU.Build.0 = Debug|Any CPU
		{22D12632-CCF9-428A-AD33-0A2D5C94AE12}.Release|Any CPU.ActiveCfg = Release|Any CPU
		{22D12632-CCF9-428A-AD33-0A2D5C94AE12}.Release|Any CPU.Build.0 = Release|Any CPU
		{5957CF78-05C8-4500-AF8F-B5461B30B6BF}.Debug|Any CPU.ActiveCfg = Debug|Any CPU
		{5957CF78-05C8-4500-AF8F-B5461B30B6BF}.Debug|Any CPU.Build.0 = Debug|Any CPU
		{5957CF78-05C8-4500-AF8F-B5461B30B6BF}.Release|Any CPU.ActiveCfg = Release|Any CPU
		{5957CF78-05C8-4500-AF8F-B5461B30B6BF}.Release|Any CPU.Build.0 = Release|Any CPU
		{4D55C2E5-186C-4D09-8E86-7E94FCE162D3}.Debug|Any CPU.ActiveCfg = Debug|Any CPU
		{4D55C2E5-186C-4D09-8E86-7E94FCE162D3}.Debug|Any CPU.Build.0 = Debug|Any CPU
		{4D55C2E5-186C-4D09-8E86-7E94FCE162D3}.Release|Any CPU.ActiveCfg = Release|Any CPU
		{4D55C2E5-186C-4D09-8E86-7E94FCE162D3}.Release|Any CPU.Build.0 = Release|Any CPU
		{654BEBA7-E787-43FC-9BFA-B4981C6A0D95}.Debug|Any CPU.ActiveCfg = Debug|Any CPU
		{654BEBA7-E787-43FC-9BFA-B4981C6A0D95}.Debug|Any CPU.Build.0 = Debug|Any CPU
		{654BEBA7-E787-43FC-9BFA-B4981C6A0D95}.Release|Any CPU.ActiveCfg = Release|Any CPU
		{654BEBA7-E787-43FC-9BFA-B4981C6A0D95}.Release|Any CPU.Build.0 = Release|Any CPU
		{2AA79A53-A99D-408B-8E3A-4536BA3A2665}.Debug|Any CPU.ActiveCfg = Debug|Any CPU
		{2AA79A53-A99D-408B-8E3A-4536BA3A2665}.Debug|Any CPU.Build.0 = Debug|Any CPU
		{2AA79A53-A99D-408B-8E3A-4536BA3A2665}.Release|Any CPU.ActiveCfg = Release|Any CPU
		{2AA79A53-A99D-408B-8E3A-4536BA3A2665}.Release|Any CPU.Build.0 = Release|Any CPU
		{C4E7BD5E-3A3D-4649-B0EE-6AB133CE6829}.Debug|Any CPU.ActiveCfg = Debug|Any CPU
		{C4E7BD5E-3A3D-4649-B0EE-6AB133CE6829}.Debug|Any CPU.Build.0 = Debug|Any CPU
		{C4E7BD5E-3A3D-4649-B0EE-6AB133CE6829}.Release|Any CPU.ActiveCfg = Release|Any CPU
		{C4E7BD5E-3A3D-4649-B0EE-6AB133CE6829}.Release|Any CPU.Build.0 = Release|Any CPU
		{2701E50E-E5FC-48F8-97A0-26B3C5986384}.Debug|Any CPU.ActiveCfg = Debug|Any CPU
		{2701E50E-E5FC-48F8-97A0-26B3C5986384}.Debug|Any CPU.Build.0 = Debug|Any CPU
		{2701E50E-E5FC-48F8-97A0-26B3C5986384}.Release|Any CPU.ActiveCfg = Release|Any CPU
		{2701E50E-E5FC-48F8-97A0-26B3C5986384}.Release|Any CPU.Build.0 = Release|Any CPU
		{C07C04AE-A34E-4871-8A9D-FD2B26E46A19}.Debug|Any CPU.ActiveCfg = Debug|Any CPU
		{C07C04AE-A34E-4871-8A9D-FD2B26E46A19}.Debug|Any CPU.Build.0 = Debug|Any CPU
		{C07C04AE-A34E-4871-8A9D-FD2B26E46A19}.Release|Any CPU.ActiveCfg = Release|Any CPU
		{C07C04AE-A34E-4871-8A9D-FD2B26E46A19}.Release|Any CPU.Build.0 = Release|Any CPU
		{5FAD2F5A-198E-43EC-8576-FDDCBE7DB588}.Debug|Any CPU.ActiveCfg = Debug|Any CPU
		{5FAD2F5A-198E-43EC-8576-FDDCBE7DB588}.Debug|Any CPU.Build.0 = Debug|Any CPU
		{5FAD2F5A-198E-43EC-8576-FDDCBE7DB588}.Release|Any CPU.ActiveCfg = Release|Any CPU
		{5FAD2F5A-198E-43EC-8576-FDDCBE7DB588}.Release|Any CPU.Build.0 = Release|Any CPU
		{9D29CCDE-24D8-4259-9FB9-7DD9A5C4F297}.Debug|Any CPU.ActiveCfg = Debug|Any CPU
		{9D29CCDE-24D8-4259-9FB9-7DD9A5C4F297}.Debug|Any CPU.Build.0 = Debug|Any CPU
		{9D29CCDE-24D8-4259-9FB9-7DD9A5C4F297}.Release|Any CPU.ActiveCfg = Release|Any CPU
		{9D29CCDE-24D8-4259-9FB9-7DD9A5C4F297}.Release|Any CPU.Build.0 = Release|Any CPU
		{94539E4F-2611-4B40-BE9B-D91BF6A2062A}.Debug|Any CPU.ActiveCfg = Debug|Any CPU
		{94539E4F-2611-4B40-BE9B-D91BF6A2062A}.Debug|Any CPU.Build.0 = Debug|Any CPU
		{94539E4F-2611-4B40-BE9B-D91BF6A2062A}.Release|Any CPU.ActiveCfg = Release|Any CPU
		{94539E4F-2611-4B40-BE9B-D91BF6A2062A}.Release|Any CPU.Build.0 = Release|Any CPU
		{EBE79CE9-CB78-4973-B3CA-95CB21A80AD2}.Debug|Any CPU.ActiveCfg = Debug|Any CPU
		{EBE79CE9-CB78-4973-B3CA-95CB21A80AD2}.Debug|Any CPU.Build.0 = Debug|Any CPU
		{EBE79CE9-CB78-4973-B3CA-95CB21A80AD2}.Release|Any CPU.ActiveCfg = Release|Any CPU
		{EBE79CE9-CB78-4973-B3CA-95CB21A80AD2}.Release|Any CPU.Build.0 = Release|Any CPU
		{FA254707-E5B7-4B1E-AA05-1C0D37D3EF26}.Debug|Any CPU.ActiveCfg = Debug|Any CPU
		{FA254707-E5B7-4B1E-AA05-1C0D37D3EF26}.Debug|Any CPU.Build.0 = Debug|Any CPU
		{FA254707-E5B7-4B1E-AA05-1C0D37D3EF26}.Release|Any CPU.ActiveCfg = Release|Any CPU
		{FA254707-E5B7-4B1E-AA05-1C0D37D3EF26}.Release|Any CPU.Build.0 = Release|Any CPU
		{EA56ED58-9CC5-4FDD-8A48-15F28419FB76}.Debug|Any CPU.ActiveCfg = Debug|Any CPU
		{EA56ED58-9CC5-4FDD-8A48-15F28419FB76}.Debug|Any CPU.Build.0 = Debug|Any CPU
		{EA56ED58-9CC5-4FDD-8A48-15F28419FB76}.Release|Any CPU.ActiveCfg = Release|Any CPU
		{EA56ED58-9CC5-4FDD-8A48-15F28419FB76}.Release|Any CPU.Build.0 = Release|Any CPU
	EndGlobalSection
	GlobalSection(SolutionProperties) = preSolution
		HideSolutionNode = FALSE
	EndGlobalSection
	GlobalSection(ExtensibilityGlobals) = postSolution
		SolutionGuid = {0812E7E5-119E-4595-88F6-0C6F05581908}
	EndGlobalSection
EndGlobal
